
Microsoft Visual Studio Solution File, Format Version 12.00
# Visual Studio Version 18
VisualStudioVersion = 18.1.11312.151
MinimumVisualStudioVersion = 10.0.40219.1
Project("{FAE04EC0-301F-11D3-BF4B-00C04F79EFBC}") = "KeyAuth", "KeyAuth\KeyAuth.csproj", "{B36ECBA6-6EF4-41B8-A47D-37E24B9677E3}"
EndProject
Project("{FAE04EC0-301F-11D3-BF4B-00C04F79EFBC}") = "KeyAuth.HostingExtensions", "KeyAuth.HostingExtensions\KeyAuth.HostingExtensions.csproj", "{6B5E5D5A-460D-4809-93C2-40EE6A771A79}"
EndProject
Project("{FAE04EC0-301F-11D3-BF4B-00C04F79EFBC}") = "KeyAuth.ExampleApp", "KeyAuth.ExampleApp\KeyAuth.ExampleApp.csproj", "{47FCF24D-603A-4C63-87DA-6D945D30D095}"
EndProject
Global
	GlobalSection(SolutionConfigurationPlatforms) = preSolution
		Debug|Any CPU = Debug|Any CPU
		Release|Any CPU = Release|Any CPU
	EndGlobalSection
	GlobalSection(ProjectConfigurationPlatforms) = postSolution
		{B36ECBA6-6EF4-41B8-A47D-37E24B9677E3}.Debug|Any CPU.ActiveCfg = Debug|Any CPU
		{B36ECBA6-6EF4-41B8-A47D-37E24B9677E3}.Debug|Any CPU.Build.0 = Debug|Any CPU
		{B36ECBA6-6EF4-41B8-A47D-37E24B9677E3}.Release|Any CPU.ActiveCfg = Release|Any CPU
		{B36ECBA6-6EF4-41B8-A47D-37E24B9677E3}.Release|Any CPU.Build.0 = Release|Any CPU
		{6B5E5D5A-460D-4809-93C2-40EE6A771A79}.Debug|Any CPU.ActiveCfg = Debug|Any CPU
		{6B5E5D5A-460D-4809-93C2-40EE6A771A79}.Debug|Any CPU.Build.0 = Debug|Any CPU
		{6B5E5D5A-460D-4809-93C2-40EE6A771A79}.Release|Any CPU.ActiveCfg = Release|Any CPU
		{6B5E5D5A-460D-4809-93C2-40EE6A771A79}.Release|Any CPU.Build.0 = Release|Any CPU
		{47FCF24D-603A-4C63-87DA-6D945D30D095}.Debug|Any CPU.ActiveCfg = Debug|Any CPU
		{47FCF24D-603A-4C63-87DA-6D945D30D095}.Debug|Any CPU.Build.0 = Debug|Any CPU
		{47FCF24D-603A-4C63-87DA-6D945D30D095}.Release|Any CPU.ActiveCfg = Release|Any CPU
		{47FCF24D-603A-4C63-87DA-6D945D30D095}.Release|Any CPU.Build.0 = Release|Any CPU
	EndGlobalSection
	GlobalSection(SolutionProperties) = preSolution
		HideSolutionNode = FALSE
	EndGlobalSection
	GlobalSection(ExtensibilityGlobals) = postSolution
		SolutionGuid = {6BC0436B-F7DD-4A51-BCF9-25BF39435AE8}
	EndGlobalSection
EndGlobal
